// !$*UTF8*$!
{
	archiveVersion = 1;
	classes = {
	};
	objectVersion = 77;
	objects = {

/* Begin PBXBuildFile section */
		6A9D38233045868900C63652 /* Launch Screen.storyboard in Resources */ = {isa = PBXBuildFile; fileRef = 6A9D38223045868900C63652 /* Launch Screen.storyboard */; };
		6A9D38253045869600C63652 /* logo.png in Resources */ = {isa = PBXBuildFile; fileRef = 6A9D38243045869600C63652 /* logo.png */; };
		A10000000000000000000041 /* ShareExtension.appex in Embed Foundation Extensions */ = {isa = PBXBuildFile; fileRef = A10000000000000000000012 /* ShareExtension.appex */; settings = {ATTRIBUTES = (RemoveHeadersOnCopy, ); }; };
		A10000000000000000000042 /* SpotlightIndexExtension.appex in Embed Foundation Extensions */ = {isa = PBXBuildFile; fileRef = A1000000000000000000001B /* SpotlightIndexExtension.appex */; settings = {ATTRIBUTES = (RemoveHeadersOnCopy, ); }; };
		A10000000000000000000061 /* HisterKit in Frameworks */ = {isa = PBXBuildFile; productRef = A10000000000000000000301 /* HisterKit */; };
		A10000000000000000000062 /* HisterKit in Frameworks */ = {isa = PBXBuildFile; productRef = A10000000000000000000302 /* HisterKit */; };
		A10000000000000000000063 /* HisterKit in Frameworks */ = {isa = PBXBuildFile; productRef = A10000000000000000000303 /* HisterKit */; };
/* End PBXBuildFile section */

/* Begin PBXContainerItemProxy section */
		A10000000000000000000501 /* PBXContainerItemProxy */ = {
			isa = PBXContainerItemProxy;
			containerPortal = A10000000000000000000000 /* Project object */;
			proxyType = 1;
			remoteGlobalIDString = A10000000000000000000102;
			remoteInfo = ShareExtension;
		};
		A10000000000000000000502 /* PBXContainerItemProxy */ = {
			isa = PBXContainerItemProxy;
			containerPortal = A10000000000000000000000 /* Project object */;
			proxyType = 1;
			remoteGlobalIDString = A10000000000000000000103;
			remoteInfo = SpotlightIndexExtension;
		};
/* End PBXContainerItemProxy section */

/* Begin PBXCopyFilesBuildPhase section */
		A10000000000000000000031 /* Embed Foundation Extensions */ = {
			isa = PBXCopyFilesBuildPhase;
			buildActionMask = 2147483647;
			dstPath = "";
			dstSubfolderSpec = 13;
			files = (
				A10000000000000000000041 /* ShareExtension.appex in Embed Foundation Extensions */,
				A10000000000000000000042 /* SpotlightIndexExtension.appex in Embed Foundation Extensions */,
			);
			name = "Embed Foundation Extensions";
			runOnlyForDeploymentPostprocessing = 0;
		};
/* End PBXCopyFilesBuildPhase section */

/* Begin PBXFileReference section */
		6A9D38223045868900C63652 /* Launch Screen.storyboard */ = {isa = PBXFileReference; lastKnownFileType = file.storyboard; path = "Launch Screen.storyboard"; sourceTree = "<group>"; };
		6A9D38243045869600C63652 /* logo.png */ = {isa = PBXFileReference; lastKnownFileType = image.png; path = logo.png; sourceTree = "<group>"; };
		A10000000000000000000011 /* Searchister.app */ = {isa = PBXFileReference; explicitFileType = wrapper.application; includeInIndex = 0; path = Searchister.app; sourceTree = BUILT_PRODUCTS_DIR; };
		A10000000000000000000012 /* ShareExtension.appex */ = {isa = PBXFileReference; explicitFileType = "wrapper.app-extension"; includeInIndex = 0; path = ShareExtension.appex; sourceTree = BUILT_PRODUCTS_DIR; };
		A10000000000000000000013 /* Shared.xcconfig */ = {isa = PBXFileReference; lastKnownFileType = text.xcconfig; path = Shared.xcconfig; sourceTree = "<group>"; };
		A10000000000000000000014 /* Searchister-Info.plist */ = {isa = PBXFileReference; lastKnownFileType = text.plist.xml; path = "Searchister-Info.plist"; sourceTree = "<group>"; };
		A10000000000000000000015 /* Searchister-iOS.entitlements */ = {isa = PBXFileReference; lastKnownFileType = text.plist.entitlements; path = "Searchister-iOS.entitlements"; sourceTree = "<group>"; };
		A10000000000000000000016 /* Searchister-macOS.entitlements */ = {isa = PBXFileReference; lastKnownFileType = text.plist.entitlements; path = "Searchister-macOS.entitlements"; sourceTree = "<group>"; };
		A10000000000000000000017 /* ShareExtension-Info.plist */ = {isa = PBXFileReference; lastKnownFileType = text.plist.xml; path = "ShareExtension-Info.plist"; sourceTree = "<group>"; };
		A10000000000000000000018 /* ShareExtension-iOS.entitlements */ = {isa = PBXFileReference; lastKnownFileType = text.plist.entitlements; path = "ShareExtension-iOS.entitlements"; sourceTree = "<group>"; };
		A10000000000000000000019 /* ShareExtension-macOS.entitlements */ = {isa = PBXFileReference; lastKnownFileType = text.plist.entitlements; path = "ShareExtension-macOS.entitlements"; sourceTree = "<group>"; };
		A1000000000000000000001A /* README.md */ = {isa = PBXFileReference; lastKnownFileType = net.daringfireball.markdown; path = README.md; sourceTree = "<group>"; };
		A1000000000000000000001B /* SpotlightIndexExtension.appex */ = {isa = PBXFileReference; explicitFileType = "wrapper.app-extension"; includeInIndex = 0; path = SpotlightIndexExtension.appex; sourceTree = BUILT_PRODUCTS_DIR; };
		A1000000000000000000001C /* SpotlightIndexExtension-Info.plist */ = {isa = PBXFileReference; lastKnownFileType = text.plist.xml; path = "SpotlightIndexExtension-Info.plist"; sourceTree = "<group>"; };
		A1000000000000000000001D /* SpotlightIndexExtension-iOS.entitlements */ = {isa = PBXFileReference; lastKnownFileType = text.plist.entitlements; path = "SpotlightIndexExtension-iOS.entitlements"; sourceTree = "<group>"; };
		A1000000000000000000001E /* SpotlightIndexExtension-macOS.entitlements */ = {isa = PBXFileReference; lastKnownFileType = text.plist.entitlements; path = "SpotlightIndexExtension-macOS.entitlements"; sourceTree = "<group>"; };
/* End PBXFileReference section */

/* Begin PBXFileSystemSynchronizedBuildFileExceptionSet section */
		6ADA41D9303F6F17006863AF /* Exceptions for "Searchister" folder in "ShareExtension" target */ = {
			isa = PBXFileSystemSynchronizedBuildFileExceptionSet;
			membershipExceptions = (
				Application.icon,
			);
			target = A10000000000000000000102 /* ShareExtension */;
		};
/* End PBXFileSystemSynchronizedBuildFileExceptionSet section */

/* Begin PBXFileSystemSynchronizedRootGroup section */
		A10000000000000000000021 /* Searchister */ = {
			isa = PBXFileSystemSynchronizedRootGroup;
			exceptions = (
				6ADA41D9303F6F17006863AF /* Exceptions for "Searchister" folder in "ShareExtension" target */,
			);
			path = Searchister;
			sourceTree = "<group>";
		};
		A10000000000000000000022 /* ShareExtension */ = {
			isa = PBXFileSystemSynchronizedRootGroup;
			path = ShareExtension;
			sourceTree = "<group>";
		};
		A10000000000000000000023 /* SpotlightIndexExtension */ = {
			isa = PBXFileSystemSynchronizedRootGroup;
			path = SpotlightIndexExtension;
			sourceTree = "<group>";
		};
/* End PBXFileSystemSynchronizedRootGroup section */

/* Begin PBXFrameworksBuildPhase section */
		A10000000000000000000051 /* Frameworks */ = {
			isa = PBXFrameworksBuildPhase;
			buildActionMask = 2147483647;
			files = (
				A10000000000000000000061 /* HisterKit in Frameworks */,
			);
			runOnlyForDeploymentPostprocessing = 0;
		};
		A10000000000000000000052 /* Frameworks */ = {
			isa = PBXFrameworksBuildPhase;
			buildActionMask = 2147483647;
			files = (
				A10000000000000000000062 /* HisterKit in Frameworks */,
			);
			runOnlyForDeploymentPostprocessing = 0;
		};
		A10000000000000000000053 /* Frameworks */ = {
			isa = PBXFrameworksBuildPhase;
			buildActionMask = 2147483647;
			files = (
				A10000000000000000000063 /* HisterKit in Frameworks */,
			);
			runOnlyForDeploymentPostprocessing = 0;
		};
/* End PBXFrameworksBuildPhase section */

/* Begin PBXGroup section */
		A10000000000000000000001 = {
			isa = PBXGroup;
			children = (
				6A9D38223045868900C63652 /* Launch Screen.storyboard */,
				A10000000000000000000002 /* Apps */,
				A10000000000000000000003 /* Config */,
				A1000000000000000000001A /* README.md */,
				A10000000000000000000004 /* Products */,
				6A9D38243045869600C63652 /* logo.png */,
			);
			sourceTree = "<group>";
		};
		A10000000000000000000002 /* Apps */ = {
			isa = PBXGroup;
			children = (
				A10000000000000000000021 /* Searchister */,
				A10000000000000000000022 /* ShareExtension */,
				A10000000000000000000023 /* SpotlightIndexExtension */,
			);
			path = Apps;
			sourceTree = "<group>";
		};
		A10000000000000000000003 /* Config */ = {
			isa = PBXGroup;
			children = (
				A10000000000000000000013 /* Shared.xcconfig */,
				A10000000000000000000014 /* Searchister-Info.plist */,
				A10000000000000000000015 /* Searchister-iOS.entitlements */,
				A10000000000000000000016 /* Searchister-macOS.entitlements */,
				A10000000000000000000017 /* ShareExtension-Info.plist */,
				A10000000000000000000018 /* ShareExtension-iOS.entitlements */,
				A10000000000000000000019 /* ShareExtension-macOS.entitlements */,
				A1000000000000000000001C /* SpotlightIndexExtension-Info.plist */,
				A1000000000000000000001D /* SpotlightIndexExtension-iOS.entitlements */,
				A1000000000000000000001E /* SpotlightIndexExtension-macOS.entitlements */,
			);
			path = Config;
			sourceTree = "<group>";
		};
		A10000000000000000000004 /* Products */ = {
			isa = PBXGroup;
			children = (
				A10000000000000000000011 /* Searchister.app */,
				A10000000000000000000012 /* ShareExtension.appex */,
				A1000000000000000000001B /* SpotlightIndexExtension.appex */,
			);
			name = Products;
			sourceTree = "<group>";
		};
/* End PBXGroup section */

/* Begin PBXNativeTarget section */
		A10000000000000000000101 /* Searchister */ = {
			isa = PBXNativeTarget;
			buildConfigurationList = A10000000000000000000201 /* Build configuration list for PBXNativeTarget "Searchister" */;
			buildPhases = (
				A10000000000000000000071 /* Sources */,
				A10000000000000000000051 /* Frameworks */,
				A10000000000000000000081 /* Resources */,
				A10000000000000000000031 /* Embed Foundation Extensions */,
			);
			buildRules = (
			);
			dependencies = (
				A10000000000000000000091 /* PBXTargetDependency */,
				A10000000000000000000092 /* PBXTargetDependency */,
			);
			fileSystemSynchronizedGroups = (
				A10000000000000000000021 /* Searchister */,
			);
			name = Searchister;
			packageProductDependencies = (
				A10000000000000000000301 /* HisterKit */,
			);
			productName = Searchister;
			productReference = A10000000000000000000011 /* Searchister.app */;
			productType = "com.apple.product-type.application";
		};
		A10000000000000000000102 /* ShareExtension */ = {
			isa = PBXNativeTarget;
			buildConfigurationList = A10000000000000000000202 /* Build configuration list for PBXNativeTarget "ShareExtension" */;
			buildPhases = (
				A10000000000000000000072 /* Sources */,
				A10000000000000000000052 /* Frameworks */,
				A10000000000000000000082 /* Resources */,
			);
			buildRules = (
			);
			dependencies = (
			);
			fileSystemSynchronizedGroups = (
				A10000000000000000000022 /* ShareExtension */,
			);
			name = ShareExtension;
			packageProductDependencies = (
				A10000000000000000000302 /* HisterKit */,
			);
			productName = ShareExtension;
			productReference = A10000000000000000000012 /* ShareExtension.appex */;
			productType = "com.apple.product-type.app-extension";
		};
		A10000000000000000000103 /* SpotlightIndexExtension */ = {
			isa = PBXNativeTarget;
			buildConfigurationList = A10000000000000000000203 /* Build configuration list for PBXNativeTarget "SpotlightIndexExtension" */;
			buildPhases = (
				A10000000000000000000073 /* Sources */,
				A10000000000000000000053 /* Frameworks */,
				A10000000000000000000083 /* Resources */,
			);
			buildRules = (
			);
			dependencies = (
			);
			fileSystemSynchronizedGroups = (
				A10000000000000000000023 /* SpotlightIndexExtension */,
			);
			name = SpotlightIndexExtension;
			packageProductDependencies = (
				A10000000000000000000303 /* HisterKit */,
			);
			productName = SpotlightIndexExtension;
			productReference = A1000000000000000000001B /* SpotlightIndexExtension.appex */;
			productType = "com.apple.product-type.app-extension";
		};
/* End PBXNativeTarget section */

/* Begin PBXProject section */
		A10000000000000000000000 /* Project object */ = {
			isa = PBXProject;
			attributes = {
				BuildIndependentTargetsInParallel = 1;
				LastSwiftUpdateCheck = 1600;
				LastUpgradeCheck = 1600;
				TargetAttributes = {
					A10000000000000000000101 = {
						CreatedOnToolsVersion = 16.0;
					};
					A10000000000000000000102 = {
						CreatedOnToolsVersion = 16.0;
					};
					A10000000000000000000103 = {
						CreatedOnToolsVersion = 16.0;
					};
				};
			};
			buildConfigurationList = A10000000000000000000200 /* Build configuration list for PBXProject "Searchister" */;
			developmentRegion = en;
			hasScannedForEncodings = 0;
			knownRegions = (
				en,
				Base,
			);
			mainGroup = A10000000000000000000001;
			minimizedProjectReferenceProxies = 1;
			packageReferences = (
				A10000000000000000000401 /* XCLocalSwiftPackageReference "HisterKit" */,
			);
			preferredProjectObjectVersion = 77;
			productRefGroup = A10000000000000000000004 /* Products */;
			projectDirPath = "";
			projectRoot = "";
			targets = (
				A10000000000000000000101 /* Searchister */,
				A10000000000000000000102 /* ShareExtension */,
				A10000000000000000000103 /* SpotlightIndexExtension */,
			);
		};
/* End PBXProject section */

/* Begin PBXResourcesBuildPhase section */
		A10000000000000000000081 /* Resources */ = {
			isa = PBXResourcesBuildPhase;
			buildActionMask = 2147483647;
			files = (
				6A9D38233045868900C63652 /* Launch Screen.storyboard in Resources */,
				6A9D38253045869600C63652 /* logo.png in Resources */,
			);
			runOnlyForDeploymentPostprocessing = 0;
		};
		A10000000000000000000082 /* Resources */ = {
			isa = PBXResourcesBuildPhase;
			buildActionMask = 2147483647;
			files = (
			);
			runOnlyForDeploymentPostprocessing = 0;
		};
		A10000000000000000000083 /* Resources */ = {
			isa = PBXResourcesBuildPhase;
			buildActionMask = 2147483647;
			files = (
			);
			runOnlyForDeploymentPostprocessing = 0;
		};
/* End PBXResourcesBuildPhase section */

/* Begin PBXSourcesBuildPhase section */
		A10000000000000000000071 /* Sources */ = {
			isa = PBXSourcesBuildPhase;
			buildActionMask = 2147483647;
			files = (
			);
			runOnlyForDeploymentPostprocessing = 0;
		};
		A10000000000000000000072 /* Sources */ = {
			isa = PBXSourcesBuildPhase;
			buildActionMask = 2147483647;
			files = (
			);
			runOnlyForDeploymentPostprocessing = 0;
		};
		A10000000000000000000073 /* Sources */ = {
			isa = PBXSourcesBuildPhase;
			buildActionMask = 2147483647;
			files = (
			);
			runOnlyForDeploymentPostprocessing = 0;
		};
/* End PBXSourcesBuildPhase section */

/* Begin PBXTargetDependency section */
		A10000000000000000000091 /* PBXTargetDependency */ = {
			isa = PBXTargetDependency;
			target = A10000000000000000000102 /* ShareExtension */;
			targetProxy = A10000000000000000000501 /* PBXContainerItemProxy */;
		};
		A10000000000000000000092 /* PBXTargetDependency */ = {
			isa = PBXTargetDependency;
			target = A10000000000000000000103 /* SpotlightIndexExtension */;
			targetProxy = A10000000000000000000502 /* PBXContainerItemProxy */;
		};
/* End PBXTargetDependency section */

/* Begin XCBuildConfiguration section */
		A10000000000000000000211 /* Debug */ = {
			isa = XCBuildConfiguration;
			baseConfigurationReference = A10000000000000000000013 /* Shared.xcconfig */;
			buildSettings = {
				ALWAYS_SEARCH_USER_PATHS = NO;
				ASSETCATALOG_COMPILER_GENERATE_SWIFT_ASSET_SYMBOL_EXTENSIONS = YES;
				CLANG_ENABLE_MODULES = YES;
				CLANG_ENABLE_OBJC_ARC = YES;
				COPY_PHASE_STRIP = NO;
				CURRENT_PROJECT_VERSION = 1;
				DEBUG_INFORMATION_FORMAT = dwarf;
				ENABLE_STRICT_OBJC_MSGSEND = YES;
				ENABLE_TESTABILITY = YES;
				ENABLE_USER_SCRIPT_SANDBOXING = YES;
				GCC_OPTIMIZATION_LEVEL = 0;
				GCC_PREPROCESSOR_DEFINITIONS = (
					"DEBUG=1",
					"$(inherited)",
				);
				IPHONEOS_DEPLOYMENT_TARGET = 18.0;
				MACOSX_DEPLOYMENT_TARGET = 15.0;
				MARKETING_VERSION = 0.1.0;
				MTL_ENABLE_DEBUG_INFO = INCLUDE_SOURCE;
				ONLY_ACTIVE_ARCH = YES;
				SDKROOT = auto;
				SUPPORTED_PLATFORMS = "iphoneos iphonesimulator macosx";
				SWIFT_ACTIVE_COMPILATION_CONDITIONS = "DEBUG $(inherited)";
				SWIFT_OPTIMIZATION_LEVEL = "-Onone";
				SWIFT_STRICT_CONCURRENCY = complete;
				SWIFT_VERSION = 5.0;
			};
			name = Debug;
		};
		A10000000000000000000212 /* Release */ = {
			isa = XCBuildConfiguration;
			baseConfigurationReference = A10000000000000000000013 /* Shared.xcconfig */;
			buildSettings = {
				ALWAYS_SEARCH_USER_PATHS = NO;
				ASSETCATALOG_COMPILER_GENERATE_SWIFT_ASSET_SYMBOL_EXTENSIONS = YES;
				CLANG_ENABLE_MODULES = YES;
				CLANG_ENABLE_OBJC_ARC = YES;
				COPY_PHASE_STRIP = NO;
				CURRENT_PROJECT_VERSION = 1;
				DEBUG_INFORMATION_FORMAT = "dwarf-with-dsym";
				ENABLE_NS_ASSERTIONS = NO;
				ENABLE_STRICT_OBJC_MSGSEND = YES;
				ENABLE_USER_SCRIPT_SANDBOXING = YES;
				IPHONEOS_DEPLOYMENT_TARGET = 18.0;
				MACOSX_DEPLOYMENT_TARGET = 15.0;
				MARKETING_VERSION = 0.1.0;
				MTL_ENABLE_DEBUG_INFO = NO;
				SDKROOT = auto;
				SUPPORTED_PLATFORMS = "iphoneos iphonesimulator macosx";
				SWIFT_COMPILATION_MODE = wholemodule;
				SWIFT_STRICT_CONCURRENCY = complete;
				SWIFT_VERSION = 5.0;
				VALIDATE_PRODUCT = YES;
			};
			name = Release;
		};
		A10000000000000000000221 /* Debug */ = {
			isa = XCBuildConfiguration;
			buildSettings = {
				ASSETCATALOG_COMPILER_APPICON_NAME = Application;
				ASSETCATALOG_COMPILER_INCLUDE_ALL_APPICON_ASSETS = NO;
				"CODE_SIGN_ENTITLEMENTS[sdk=iphoneos*]" = "Config/Searchister-iOS.entitlements";
				"CODE_SIGN_ENTITLEMENTS[sdk=iphonesimulator*]" = "Config/Searchister-iOS.entitlements";
				"CODE_SIGN_ENTITLEMENTS[sdk=macosx*]" = "Config/Searchister-macOS.entitlements";
				CODE_SIGN_STYLE = Automatic;
				COMBINE_HIDPI_IMAGES = YES;
				CURRENT_PROJECT_VERSION = 1;
				DEVELOPMENT_TEAM = U3286CH8VT;
				ENABLE_HARDENED_RUNTIME = YES;
				ENABLE_PREVIEWS = YES;
				"EXCLUDED_SOURCE_FILE_NAMES[sdk=macosx*]" = "\"Launch Screen.storyboard\"";
				GENERATE_INFOPLIST_FILE = NO;
				INFOPLIST_FILE = "Config/Searchister-Info.plist";
				INFOPLIST_KEY_CFBundleDisplayName = Searchister;
				INFOPLIST_KEY_LSApplicationCategoryType = "public.app-category.utilities";
				"LD_RUNPATH_SEARCH_PATHS[sdk=iphone*]" = (
					"$(inherited)",
					"@executable_path/Frameworks",
				);
				"LD_RUNPATH_SEARCH_PATHS[sdk=macosx*]" = (
					"$(inherited)",
					"@executable_path/../Frameworks",
				);
				PRODUCT_BUNDLE_IDENTIFIER = app.clutchlabs.searchister;
				PRODUCT_NAME = "$(TARGET_NAME)";
				SUPPORTS_MACCATALYST = NO;
				SWIFT_EMIT_LOC_STRINGS = YES;
				TARGETED_DEVICE_FAMILY = "1,2";
			};
			name = Debug;
		};
		A10000000000000000000222 /* Release */ = {
			isa = XCBuildConfiguration;
			buildSettings = {
				ASSETCATALOG_COMPILER_APPICON_NAME = Application;
				ASSETCATALOG_COMPILER_INCLUDE_ALL_APPICON_ASSETS = NO;
				"CODE_SIGN_ENTITLEMENTS[sdk=iphoneos*]" = "Config/Searchister-iOS.entitlements";
				"CODE_SIGN_ENTITLEMENTS[sdk=iphonesimulator*]" = "Config/Searchister-iOS.entitlements";
				"CODE_SIGN_ENTITLEMENTS[sdk=macosx*]" = "Config/Searchister-macOS.entitlements";
				CODE_SIGN_STYLE = Automatic;
				COMBINE_HIDPI_IMAGES = YES;
				CURRENT_PROJECT_VERSION = 1;
				DEVELOPMENT_TEAM = U3286CH8VT;
				ENABLE_HARDENED_RUNTIME = YES;
				ENABLE_PREVIEWS = YES;
				"EXCLUDED_SOURCE_FILE_NAMES[sdk=macosx*]" = "\"Launch Screen.storyboard\"";
				GENERATE_INFOPLIST_FILE = NO;
				INFOPLIST_FILE = "Config/Searchister-Info.plist";
				INFOPLIST_KEY_CFBundleDisplayName = Searchister;
				INFOPLIST_KEY_LSApplicationCategoryType = "public.app-category.utilities";
				"LD_RUNPATH_SEARCH_PATHS[sdk=iphone*]" = (
					"$(inherited)",
					"@executable_path/Frameworks",
				);
				"LD_RUNPATH_SEARCH_PATHS[sdk=macosx*]" = (
					"$(inherited)",
					"@executable_path/../Frameworks",
				);
				PRODUCT_BUNDLE_IDENTIFIER = app.clutchlabs.searchister;
				PRODUCT_NAME = "$(TARGET_NAME)";
				SUPPORTS_MACCATALYST = NO;
				SWIFT_EMIT_LOC_STRINGS = YES;
				TARGETED_DEVICE_FAMILY = "1,2";
			};
			name = Release;
		};
		A10000000000000000000231 /* Debug */ = {
			isa = XCBuildConfiguration;
			buildSettings = {
				ASSETCATALOG_COMPILER_APPICON_NAME = "";
				"CODE_SIGN_ENTITLEMENTS[sdk=iphoneos*]" = "Config/ShareExtension-iOS.entitlements";
				"CODE_SIGN_ENTITLEMENTS[sdk=iphonesimulator*]" = "Config/ShareExtension-iOS.entitlements";
				"CODE_SIGN_ENTITLEMENTS[sdk=macosx*]" = "Config/ShareExtension-macOS.entitlements";
				"CODE_SIGN_IDENTITY[sdk=macosx*]" = "Apple Development";
				CODE_SIGN_STYLE = Automatic;
				COMBINE_HIDPI_IMAGES = YES;
				CURRENT_PROJECT_VERSION = 1;
				DEVELOPMENT_TEAM = U3286CH8VT;
				ENABLE_HARDENED_RUNTIME = YES;
				GENERATE_INFOPLIST_FILE = NO;
				INFOPLIST_FILE = "Config/ShareExtension-Info.plist";
				INFOPLIST_KEY_CFBundleDisplayName = Searchister;
				"LD_RUNPATH_SEARCH_PATHS[sdk=iphone*]" = (
					"$(inherited)",
					"@executable_path/Frameworks",
					"@executable_path/../../Frameworks",
				);
				"LD_RUNPATH_SEARCH_PATHS[sdk=macosx*]" = (
					"$(inherited)",
					"@executable_path/../Frameworks",
					"@executable_path/../../../../Frameworks",
				);
				PRODUCT_BUNDLE_IDENTIFIER = app.clutchlabs.searchister.share;
				PRODUCT_NAME = "$(TARGET_NAME)";
				SKIP_INSTALL = YES;
				SUPPORTS_MACCATALYST = NO;
				SWIFT_EMIT_LOC_STRINGS = YES;
				TARGETED_DEVICE_FAMILY = "1,2";
			};
			name = Debug;
		};
		A10000000000000000000232 /* Release */ = {
			isa = XCBuildConfiguration;
			buildSettings = {
				ASSETCATALOG_COMPILER_APPICON_NAME = "";
				"CODE_SIGN_ENTITLEMENTS[sdk=iphoneos*]" = "Config/ShareExtension-iOS.entitlements";
				"CODE_SIGN_ENTITLEMENTS[sdk=iphonesimulator*]" = "Config/ShareExtension-iOS.entitlements";
				"CODE_SIGN_ENTITLEMENTS[sdk=macosx*]" = "Config/ShareExtension-macOS.entitlements";
				"CODE_SIGN_IDENTITY[sdk=macosx*]" = "Apple Development";
				CODE_SIGN_STYLE = Automatic;
				COMBINE_HIDPI_IMAGES = YES;
				CURRENT_PROJECT_VERSION = 1;
				DEVELOPMENT_TEAM = U3286CH8VT;
				ENABLE_HARDENED_RUNTIME = YES;
				GENERATE_INFOPLIST_FILE = NO;
				INFOPLIST_FILE = "Config/ShareExtension-Info.plist";
				INFOPLIST_KEY_CFBundleDisplayName = Searchister;
				"LD_RUNPATH_SEARCH_PATHS[sdk=iphone*]" = (
					"$(inherited)",
					"@executable_path/Frameworks",
					"@executable_path/../../Frameworks",
				);
				"LD_RUNPATH_SEARCH_PATHS[sdk=macosx*]" = (
					"$(inherited)",
					"@executable_path/../Frameworks",
					"@executable_path/../../../../Frameworks",
				);
				PRODUCT_BUNDLE_IDENTIFIER = app.clutchlabs.searchister.share;
				PRODUCT_NAME = "$(TARGET_NAME)";
				SKIP_INSTALL = YES;
				SUPPORTS_MACCATALYST = NO;
				SWIFT_EMIT_LOC_STRINGS = YES;
				TARGETED_DEVICE_FAMILY = "1,2";
			};
			name = Release;
		};
		A10000000000000000000241 /* Debug */ = {
			isa = XCBuildConfiguration;
			buildSettings = {
				ASSETCATALOG_COMPILER_APPICON_NAME = "";
				"CODE_SIGN_ENTITLEMENTS[sdk=iphoneos*]" = "Config/SpotlightIndexExtension-iOS.entitlements";
				"CODE_SIGN_ENTITLEMENTS[sdk=iphonesimulator*]" = "Config/SpotlightIndexExtension-iOS.entitlements";
				"CODE_SIGN_ENTITLEMENTS[sdk=macosx*]" = "Config/SpotlightIndexExtension-macOS.entitlements";
				"CODE_SIGN_IDENTITY[sdk=macosx*]" = "Apple Development";
				CODE_SIGN_STYLE = Automatic;
				COMBINE_HIDPI_IMAGES = YES;
				CURRENT_PROJECT_VERSION = 1;
				DEVELOPMENT_TEAM = U3286CH8VT;
				ENABLE_HARDENED_RUNTIME = YES;
				GENERATE_INFOPLIST_FILE = NO;
				INFOPLIST_FILE = "Config/SpotlightIndexExtension-Info.plist";
				INFOPLIST_KEY_CFBundleDisplayName = Searchister;
				"LD_RUNPATH_SEARCH_PATHS[sdk=iphone*]" = (
					"$(inherited)",
					"@executable_path/Frameworks",
					"@executable_path/../../Frameworks",
				);
				"LD_RUNPATH_SEARCH_PATHS[sdk=macosx*]" = (
					"$(inherited)",
					"@executable_path/../Frameworks",
					"@executable_path/../../../../Frameworks",
				);
				PRODUCT_BUNDLE_IDENTIFIER = app.clutchlabs.searchister.spotlight;
				PRODUCT_NAME = "$(TARGET_NAME)";
				SKIP_INSTALL = YES;
				SUPPORTS_MACCATALYST = NO;
				SWIFT_EMIT_LOC_STRINGS = YES;
				TARGETED_DEVICE_FAMILY = "1,2";
			};
			name = Debug;
		};
		A10000000000000000000242 /* Release */ = {
			isa = XCBuildConfiguration;
			buildSettings = {
				ASSETCATALOG_COMPILER_APPICON_NAME = "";
				"CODE_SIGN_ENTITLEMENTS[sdk=iphoneos*]" = "Config/SpotlightIndexExtension-iOS.entitlements";
				"CODE_SIGN_ENTITLEMENTS[sdk=iphonesimulator*]" = "Config/SpotlightIndexExtension-iOS.entitlements";
				"CODE_SIGN_ENTITLEMENTS[sdk=macosx*]" = "Config/SpotlightIndexExtension-macOS.entitlements";
				"CODE_SIGN_IDENTITY[sdk=macosx*]" = "Apple Development";
				CODE_SIGN_STYLE = Automatic;
				COMBINE_HIDPI_IMAGES = YES;
				CURRENT_PROJECT_VERSION = 1;
				DEVELOPMENT_TEAM = U3286CH8VT;
				ENABLE_HARDENED_RUNTIME = YES;
				GENERATE_INFOPLIST_FILE = NO;
				INFOPLIST_FILE = "Config/SpotlightIndexExtension-Info.plist";
				INFOPLIST_KEY_CFBundleDisplayName = Searchister;
				"LD_RUNPATH_SEARCH_PATHS[sdk=iphone*]" = (
					"$(inherited)",
					"@executable_path/Frameworks",
					"@executable_path/../../Frameworks",
				);
				"LD_RUNPATH_SEARCH_PATHS[sdk=macosx*]" = (
					"$(inherited)",
					"@executable_path/../Frameworks",
					"@executable_path/../../../../Frameworks",
				);
				PRODUCT_BUNDLE_IDENTIFIER = app.clutchlabs.searchister.spotlight;
				PRODUCT_NAME = "$(TARGET_NAME)";
				SKIP_INSTALL = YES;
				SUPPORTS_MACCATALYST = NO;
				SWIFT_EMIT_LOC_STRINGS = YES;
				TARGETED_DEVICE_FAMILY = "1,2";
			};
			name = Release;
		};
/* End XCBuildConfiguration section */

/* Begin XCConfigurationList section */
		A10000000000000000000200 /* Build configuration list for PBXProject "Searchister" */ = {
			isa = XCConfigurationList;
			buildConfigurations = (
				A10000000000000000000211 /* Debug */,
				A10000000000000000000212 /* Release */,
			);
			defaultConfigurationIsVisible = 0;
			defaultConfigurationName = Release;
		};
		A10000000000000000000201 /* Build configuration list for PBXNativeTarget "Searchister" */ = {
			isa = XCConfigurationList;
			buildConfigurations = (
				A10000000000000000000221 /* Debug */,
				A10000000000000000000222 /* Release */,
			);
			defaultConfigurationIsVisible = 0;
			defaultConfigurationName = Release;
		};
		A10000000000000000000202 /* Build configuration list for PBXNativeTarget "ShareExtension" */ = {
			isa = XCConfigurationList;
			buildConfigurations = (
				A10000000000000000000231 /* Debug */,
				A10000000000000000000232 /* Release */,
			);
			defaultConfigurationIsVisible = 0;
			defaultConfigurationName = Release;
		};
		A10000000000000000000203 /* Build configuration list for PBXNativeTarget "SpotlightIndexExtension" */ = {
			isa = XCConfigurationList;
			buildConfigurations = (
				A10000000000000000000241 /* Debug */,
				A10000000000000000000242 /* Release */,
			);
			defaultConfigurationIsVisible = 0;
			defaultConfigurationName = Release;
		};
/* End XCConfigurationList section */

/* Begin XCLocalSwiftPackageReference section */
		A10000000000000000000401 /* XCLocalSwiftPackageReference "HisterKit" */ = {
			isa = XCLocalSwiftPackageReference;
			relativePath = HisterKit;
		};
/* End XCLocalSwiftPackageReference section */

/* Begin XCSwiftPackageProductDependency section */
		A10000000000000000000301 /* HisterKit */ = {
			isa = XCSwiftPackageProductDependency;
			productName = HisterKit;
		};
		A10000000000000000000302 /* HisterKit */ = {
			isa = XCSwiftPackageProductDependency;
			productName = HisterKit;
		};
		A10000000000000000000303 /* HisterKit */ = {
			isa = XCSwiftPackageProductDependency;
			productName = HisterKit;
		};
/* End XCSwiftPackageProductDependency section */
	};
	rootObject = A10000000000000000000000 /* Project object */;
}
